# THIS IS AN AUTOGENERATED FILE. DO NOT EDIT THIS FILE DIRECTLY.
# yarn lockfile v1


"@babel/runtime-corejs3@^7.7.6":
  version "7.7.6"
  resolved "https://registry.npmjs.org/@babel/runtime-corejs3/-/runtime-corejs3-7.7.6.tgz#5b1044ea11b659d288f77190e19c62da959ed9a3"
  integrity sha512-NrRUehqG0sMSCaP+0XV/vOvvjNl4BQOWq3Qys1Q2KTEm5tGMo9h0dHnIzeKerj0a7SIB8LP5kYg/T1raE3FoKQ==
  dependencies:
    core-js-pure "^3.0.0"
    regenerator-runtime "^0.13.2"

core-js-pure@^3.0.0:
  version "3.4.8"
  resolved "https://registry.npmjs.org/core-js-pure/-/core-js-pure-3.4.8.tgz#a4415834383784e81974cd34321daf36a6d2366e"
  integrity sha512-K9iPNbLDZ0Epojwd8J3lhodmrLHYvxb07H3DaFme1ne4TIlFq/ufiyPC40rc3OX6NCaVa0zaSu+VV6BVDR2wiA==

lodash@^4.17.15:
  version "4.17.15"
  resolved "https://registry.npmjs.org/lodash/-/lodash-4.17.15.tgz#b447f6670a0455bbfeedd11392eff330ea097548"
  integrity sha512-8xOcRHvCjnocdS5cpwXQXVzmmh5e5+saE2QGoeQmbKmRS6J3VQppPOIt0MnmE+4xlZoumy0GPG0D0MVIQbNA1A==

regenerator-runtime@^0.13.2:
  version "0.13.3"
  resolved "https://registry.npmjs.org/regenerator-runtime/-/regenerator-runtime-0.13.3.tgz#7cf6a77d8f5c6f60eb73c5fc1955b2ceb01e6bf5"
  integrity sha512-naKIZz2GQ8JWh///G7L3X6LaQUAMp2lvb1rvwwsURe/VXwD6VMfr+/1NuNw3ag8v2kY1aQ/go5SNn79O9JU7yw==
